
Microsoft Visual Studio Solution File, Format Version 12.00
# Visual Studio Version 17
VisualStudioVersion = 17.9.34728.123
MinimumVisualStudioVersion = 10.0.40219.1
Project("{9A19103F-16F7-4668-BE54-9A1E7A4F7556}") = "Domain", "Domain\Domain.csproj", "{9731145D-45DE-4C2C-95D8-88D2FB352451}"
EndProject
Project("{9A19103F-16F7-4668-BE54-9A1E7A4F7556}") = "Infrastructure", "Infrastructure\Infrastructure.csproj", "{C74D5D88-B282-41BA-A0BA-3A54DC93A900}"
EndProject
Project("{9A19103F-16F7-4668-BE54-9A1E7A4F7556}") = "AppService", "AppService\AppService.csproj", "{549E99C5-CE76-4D1F-BB45-70A07BD7D847}"
EndProject
Project("{9A19103F-16F7-4668-BE54-9A1E7A4F7556}") = "API", "API\API.csproj", "{FC974DFB-2E28-49E9-B3DF-C005BC6CC7C5}"
EndProject
Project("{9A19103F-16F7-4668-BE54-9A1E7A4F7556}") = "Crosscutting", "Crosscutting\Crosscutting.csproj", "{7CBA7330-5655-4BCA-9845-5C01F39D2441}"
EndProject
Project("{9A19103F-16F7-4668-BE54-9A1E7A4F7556}") = "Crosscutting.IOC", "Crosscutting.IOC\Crosscutting.IOC.csproj", "{C741A03B-862C-4AF1-8C9D-2FD13C431FF8}"
EndProject
Project("{2150E333-8FDC-42A3-9474-1A3956D46DE8}") = "1.Crosscutting.IOC", "1.Crosscutting.IOC", "{50F88097-5197-42DA-A2F3-DFB40BE21B07}"
EndProject
Project("{2150E333-8FDC-42A3-9474-1A3956D46DE8}") = "2.Crosscutting", "2.Crosscutting", "{31639ED9-52DA-43E2-A4CA-AF21EE8621DA}"
EndProject
Project("{2150E333-8FDC-42A3-9474-1A3956D46DE8}") = "3.Domain", "3.Domain", "{A0315688-DCE7-411B-BEC3-B7D896E5E6F1}"
EndProject
Project("{2150E333-8FDC-42A3-9474-1A3956D46DE8}") = "4.Infrastructure", "4.Infrastructure", "{3BF4BC10-366E-4D17-B5A2-14C0DBA1B1E2}"
EndProject
Project("{2150E333-8FDC-42A3-9474-1A3956D46DE8}") = "5.AppService", "5.AppService", "{AA2F3233-124E-4300-9590-0323AC2C90A4}"
EndProject
Project("{2150E333-8FDC-42A3-9474-1A3956D46DE8}") = "6.API", "6.API", "{124C5FE6-27A8-4ED4-994A-B2A767247E9F}"
EndProject
Project("{2150E333-8FDC-42A3-9474-1A3956D46DE8}") = "7.Migrations", "7.Migrations", "{D4AD0D4C-D423-4A72-90E0-F1DD829E377D}"
EndProject
Project("{9A19103F-16F7-4668-BE54-9A1E7A4F7556}") = "Migrations", "Migrations\Migrations.csproj", "{2CA294C0-6E34-4A1B-B71E-47D14E74801F}"
EndProject
Global
	GlobalSection(SolutionConfigurationPlatforms) = preSolution
		Debug|Any CPU = Debug|Any CPU
		Release|Any CPU = Release|Any CPU
	EndGlobalSection
	GlobalSection(ProjectConfigurationPlatforms) = postSolution
		{9731145D-45DE-4C2C-95D8-88D2FB352451}.Debug|Any CPU.ActiveCfg = Debug|Any CPU
		{9731145D-45DE-4C2C-95D8-88D2FB352451}.Debug|Any CPU.Build.0 = Debug|Any CPU
		{9731145D-45DE-4C2C-95D8-88D2FB352451}.Release|Any CPU.ActiveCfg = Release|Any CPU
		{9731145D-45DE-4C2C-95D8-88D2FB352451}.Release|Any CPU.Build.0 = Release|Any CPU
		{C74D5D88-B282-41BA-A0BA-3A54DC93A900}.Debug|Any CPU.ActiveCfg = Debug|Any CPU
		{C74D5D88-B282-41BA-A0BA-3A54DC93A900}.Debug|Any CPU.Build.0 = Debug|Any CPU
		{C74D5D88-B282-41BA-A0BA-3A54DC93A900}.Release|Any CPU.ActiveCfg = Release|Any CPU
		{C74D5D88-B282-41BA-A0BA-3A54DC93A900}.Release|Any CPU.Build.0 = Release|Any CPU
		{549E99C5-CE76-4D1F-BB45-70A07BD7D847}.Debug|Any CPU.ActiveCfg = Debug|Any CPU
		{549E99C5-CE76-4D1F-BB45-70A07BD7D847}.Debug|Any CPU.Build.0 = Debug|Any CPU
		{549E99C5-CE76-4D1F-BB45-70A07BD7D847}.Release|Any CPU.ActiveCfg = Release|Any CPU
		{549E99C5-CE76-4D1F-BB45-70A07BD7D847}.Release|Any CPU.Build.0 = Release|Any CPU
		{FC974DFB-2E28-49E9-B3DF-C005BC6CC7C5}.Debug|Any CPU.ActiveCfg = Debug|Any CPU
		{FC974DFB-2E28-49E9-B3DF-C005BC6CC7C5}.Debug|Any CPU.Build.0 = Debug|Any CPU
		{FC974DFB-2E28-49E9-B3DF-C005BC6CC7C5}.Release|Any CPU.ActiveCfg = Release|Any CPU
		{FC974DFB-2E28-49E9-B3DF-C005BC6CC7C5}.Release|Any CPU.Build.0 = Release|Any CPU
		{7CBA7330-5655-4BCA-9845-5C01F39D2441}.Debug|Any CPU.ActiveCfg = Debug|Any CPU
		{7CBA7330-5655-4BCA-9845-5C01F39D2441}.Debug|Any CPU.Build.0 = Debug|Any CPU
		{7CBA7330-5655-4BCA-9845-5C01F39D2441}.Release|Any CPU.ActiveCfg = Release|Any CPU
		{7CBA7330-5655-4BCA-9845-5C01F39D2441}.Release|Any CPU.Build.0 = Release|Any CPU
		{C741A03B-862C-4AF1-8C9D-2FD13C431FF8}.Debug|Any CPU.ActiveCfg = Debug|Any CPU
		{C741A03B-862C-4AF1-8C9D-2FD13C431FF8}.Debug|Any CPU.Build.0 = Debug|Any CPU
		{C741A03B-862C-4AF1-8C9D-2FD13C431FF8}.Release|Any CPU.ActiveCfg = Release|Any CPU
		{C741A03B-862C-4AF1-8C9D-2FD13C431FF8}.Release|Any CPU.Build.0 = Release|Any CPU
		{2CA294C0-6E34-4A1B-B71E-47D14E74801F}.Debug|Any CPU.ActiveCfg = Debug|Any CPU
		{2CA294C0-6E34-4A1B-B71E-47D14E74801F}.Debug|Any CPU.Build.0 = Debug|Any CPU
		{2CA294C0-6E34-4A1B-B71E-47D14E74801F}.Release|Any CPU.ActiveCfg = Release|Any CPU
		{2CA294C0-6E34-4A1B-B71E-47D14E74801F}.Release|Any CPU.Build.0 = Release|Any CPU
	EndGlobalSection
	GlobalSection(SolutionProperties) = preSolution
		HideSolutionNode = FALSE
	EndGlobalSection
	GlobalSection(NestedProjects) = preSolution
		{9731145D-45DE-4C2C-95D8-88D2FB352451} = {A0315688-DCE7-411B-BEC3-B7D896E5E6F1}
		{C74D5D88-B282-41BA-A0BA-3A54DC93A900} = {3BF4BC10-366E-4D17-B5A2-14C0DBA1B1E2}
		{549E99C5-CE76-4D1F-BB45-70A07BD7D847} = {AA2F3233-124E-4300-9590-0323AC2C90A4}
		{FC974DFB-2E28-49E9-B3DF-C005BC6CC7C5} = {124C5FE6-27A8-4ED4-994A-B2A767247E9F}
		{7CBA7330-5655-4BCA-9845-5C01F39D2441} = {31639ED9-52DA-43E2-A4CA-AF21EE8621DA}
		{C741A03B-862C-4AF1-8C9D-2FD13C431FF8} = {50F88097-5197-42DA-A2F3-DFB40BE21B07}
		{2CA294C0-6E34-4A1B-B71E-47D14E74801F} = {D4AD0D4C-D423-4A72-90E0-F1DD829E377D}
	EndGlobalSection
	GlobalSection(ExtensibilityGlobals) = postSolution
		SolutionGuid = {5ADDAACA-F3C4-4FCD-92FA-074B0D59FA6F}
	EndGlobalSection
EndGlobal
